github.com/ApesPlan/OpenCC-go v0.0.2 h1:6Yz7E7tioMh/dpOMbHyj59qHZL30O9jmGmKhieQiMNQ=
github.com/ApesPlan/OpenCC-go v0.0.2/go.mod h1:cj8F1XDVG1Ozu3RkWeaSn11e1vSQ/oFnhsbk3sL1vqA=
github.com/ApesPlan/prefixtree-OpenCC v0.0.1 h1:IUkCLgeeR4KthhTVyvebFhTtAL/2AFWaELLPxgdrIp4=
github.com/ApesPlan/prefixtree-OpenCC v0.0.1/go.mod h1:SiIhatLsC76OcNp+8FWyte/UJVSlQOfSyGP/A67Thz0=
github.com/ApesPlan/prefixtree-core v0.0.0-20200724072454-be92dad4a8df h1:DQezQoeXUVrwqRyzb7HTpY/do7sPWRVVzVYaeDBDEPw=
github.com/ApesPlan/prefixtree-core v0.0.0-20200724072454-be92dad4a8df/go.mod h1:VRdzaC6I1RuPNF2EQl/dnXx19SXmZsnfc/Qv4cBNMUU=
github.com/adamzy/cedar-go v0.0.0-20170805034717-80a9c64b256d h1:ir/IFJU5xbja5UaBEQLjcvn7aAU01nqU/NUyOBEU+ew=
github.com/adamzy/cedar-go v0.0.0-20170805034717-80a9c64b256d/go.mod h1:PRWNwWq0yifz6XDPZu48aSld8BWwBfr2JKB2bGWiEd4=
github.com/go-resty/resty/v2 v2.7.0 h1:me+K9p3uhSmXtrBZ4k9jcEAfJmuC8IivWHwaLZwPrFY=
github.com/go-resty/resty/v2 v2.7.0/go.mod h1:9PWDzw47qPphMRFfhsyk0NnSgvluHcljSMVIq3w7q0I=
github.com/jessevdk/go-flags v1.5.0 h1:1jKYvbxEjfUl0fmqTCOfonvskHHXMjBySTLW4y9LFvc=
github.com/jessevdk/go-flags v1.5.0/go.mod h1:Fw0T6WPc1dYxT4mKEZRfG5kJhaTDP9pj1c2EWnYs/m4=
github.com/liuzl/cedar-go v0.0.0-20170805034717-80a9c64b256d h1:qSmEGTgjkESUX5kPMSGJ4pcBUtYVDdkNzMrjQyvRvp0=
github.com/liuzl/cedar-go v0.0.0-20170805034717-80a9c64b256d/go.mod h1:x7SghIWwLVcJObXbjK7S2ENsT1cAcdJcPl7dRaSFog0=
github.com/liuzl/da v0.0.0-20180704015230-14771aad5b1d h1:hTRDIpJ1FjS9ULJuEzu69n3qTgc18eI+ztw/pJv47hs=
github.com/liuzl/da v0.0.0-20180704015230-14771aad5b1d/go.mod h1:7xD3p0XnHvJFQ3t/stEJd877CSIMkH/fACVWen5pYnc=
github.com/liuzl/gocc v0.0.0-20220225063456-aa3aa1ed51ac h1:aF8XgxlbPueSLQMdEgQNs4Am0qznttC6w7Gf11OY1tg=
github.com/liuzl/gocc v0.0.0-20220225063456-aa3aa1ed51ac/go.mod h1:7KaV9YIR92M1FpbczAcfYQ3UZ5ayT27pNtunDmXvLBo=
golang.org/x/net v0.0.0-20211029224645-99673261e6eb h1:pirldcYWx7rx7kE5r+9WsOXPXK0+WH5+uZ7uPmJ44uM=
golang.org/x/net v0.0.0-20211029224645-99673261e6eb/go.mod h1:9nx3DQGgdP8bBQD5qxJ1jj9UTztislL4KSBs9R2vV5Y=
golang.org/x/sys v0.0.0-20201119102817-f84b799fce68/go.mod h1:h1NjWce9XRLGQEsW7wpKNCjG9DtNlClVuFLEZdDNbEs=
golang.org/x/sys v0.0.0-20210320140829-1e4c9ba3b0c4/go.mod h1:h1NjWce9XRLGQEsW7wpKNCjG9DtNlClVuFLEZdDNbEs=
golang.org/x/sys v0.0.0-20210423082822-04245dca01da h1:b3NXsE2LusjYGGjL5bxEVZZORm/YEFFrWFjR8eFrw/c=
golang.org/x/sys v0.0.0-20210423082822-04245dca01da/go.mod h1:h1NjWce9XRLGQEsW7wpKNCjG9DtNlClVuFLEZdDNbEs=
golang.org/x/term v0.0.0-20201126162022-7de9c90e9dd1/go.mod h1:bj7SfCRtBDWHUb9snDiAeCFNEtKQo2Wmx5Cou7ajbmo=
golang.org/x/text v0.3.6/go.mod h1:5Zoc/QRtKVWzQhOtBMvqHzDpF6irO9z98xDceosuGiQ=
golang.org/x/tools v0.0.0-20180917221912-90fa682c2a6e/go.mod h1:n7NCudcB/nEzxVGmLbDWY5pfWTLqBcC2KZ6jyYvM4mQ=
